<?xml version="1.0" encoding="utf-8"?>
<Project ToolsVersion="4.0" xmlns="http://schemas.microsoft.com/developer/msbuild/2003">
  <ItemGroup>
    <Filter Include="Resource Files">
      <UniqueIdentifier>{01b29779-15cc-4f9f-98b7-a63ae8a547a5}</UniqueIdentifier>
      <Extensions>ico;cur;bmp;dlg;rc2;rct;bin;rgs;gif;jpg;jpeg;jpe</Extensions>
    </Filter>
    <Filter Include="Graphics">
      <UniqueIdentifier>{2b35992a-e187-42a8-b7f0-e0eb21238cc1}</UniqueIdentifier>
    </Filter>
    <Filter Include="Math">
      <UniqueIdentifier>{a8650515-6a32-4e17-8323-1b1263035e26}</UniqueIdentifier>
    </Filter>
    <Filter Include="Other">
      <UniqueIdentifier>{8f8e7e0e-6ea2-4fb9-a58f-6b1af9dc632e}</UniqueIdentifier>
    </Filter>
  </ItemGroup>
  <ItemGroup>
    <ClCompile Include="Mesh.cpp">
      <Filter>Graphics</Filter>
    </ClCompile>
    <ClCompile Include="Model.cpp">
      <Filter>Graphics</Filter>
    </ClCompile>
    <ClCompile Include="Vector4.cpp">
      <Filter>Math</Filter>
    </ClCompile>
    <ClCompile Include="Vector2.cpp">
      <Filter>Math</Filter>
    </ClCompile>
    <ClCompile Include="Vector3.cpp">
      <Filter>Math</Filter>
    </ClCompile>
    <ClCompile Include="Matrix.cpp">
      <Filter>Math</Filter>
    </ClCompile>
    <ClCompile Include="MathHelper.cpp">
      <Filter>Math</Filter>
    </ClCompile>
    <ClCompile Include="Structs.cpp">
      <Filter>Other</Filter>
    </ClCompile>
    <ClCompile Include="GDIRotate.cpp">
      <Filter>Other</Filter>
    </ClCompile>
    <ClCompile Include="guicon.cpp">
      <Filter>Other</Filter>
    </ClCompile>
    <ClCompile Include="StdAfx.cpp">
      <Filter>Other</Filter>
    </ClCompile>
    <ClCompile Include="Camera.cpp">
      <Filter>Graphics</Filter>
    </ClCompile>
  </ItemGroup>
  <ItemGroup>
    <ClInclude Include="Model.h">
      <Filter>Graphics</Filter>
    </ClInclude>
    <ClInclude Include="Mesh.h">
      <Filter>Graphics</Filter>
    </ClInclude>
    <ClInclude Include="MathHelper.h">
      <Filter>Math</Filter>
    </ClInclude>
    <ClInclude Include="Matrix.h">
      <Filter>Math</Filter>
    </ClInclude>
    <ClInclude Include="Vector3.h">
      <Filter>Math</Filter>
    </ClInclude>
    <ClInclude Include="Vector2.h">
      <Filter>Math</Filter>
    </ClInclude>
    <ClInclude Include="Vector4.h">
      <Filter>Math</Filter>
    </ClInclude>
    <ClInclude Include="Structs.h">
      <Filter>Other</Filter>
    </ClInclude>
    <ClInclude Include="GDIRotate.h">
      <Filter>Other</Filter>
    </ClInclude>
    <ClInclude Include="guicon.h">
      <Filter>Other</Filter>
    </ClInclude>
    <ClInclude Include="resource.h">
      <Filter>Other</Filter>
    </ClInclude>
    <ClInclude Include="StdAfx.h">
      <Filter>Other</Filter>
    </ClInclude>
    <ClInclude Include="Camera.h">
      <Filter>Graphics</Filter>
    </ClInclude>
  </ItemGroup>
  <ItemGroup>
    <None Include="GDIRotate.ico">
      <Filter>Resource Files</Filter>
    </None>
    <None Include="small.ico">
      <Filter>Resource Files</Filter>
    </None>
  </ItemGroup>
  <ItemGroup>
    <ResourceCompile Include="GDIRotate.rc">
      <Filter>Other</Filter>
    </ResourceCompile>
  </ItemGroup>
</Project>